
Microsoft Visual Studio Solution File, Format Version 12.00
# Visual Studio Version 16
VisualStudioVersion = 16.0.30204.135
MinimumVisualStudioVersion = 10.0.40219.1
Project("{9A19103F-16F7-4668-BE54-9A1E7A4F7556}") = "WebApiDemo", "WebApiDemo\WebApiDemo.csproj", "{17C8D237-F17B-4EC1-B1E4-66BDAC7733DE}"
EndProject
Project("{FAE04EC0-301F-11D3-BF4B-00C04F79EFBC}") = "Repository", "Repository\Repository.csproj", "{05C3D3AF-F2C2-45E9-975F-616CCD0A591D}"
EndProject
Global
	GlobalSection(SolutionConfigurationPlatforms) = preSolution
		Debug|Any CPU = Debug|Any CPU
		Release|Any CPU = Release|Any CPU
	EndGlobalSection
	GlobalSection(ProjectConfigurationPlatforms) = postSolution
		{17C8D237-F17B-4EC1-B1E4-66BDAC7733DE}.Debug|Any CPU.ActiveCfg = Debug|Any CPU
		{17C8D237-F17B-4EC1-B1E4-66BDAC7733DE}.Debug|Any CPU.Build.0 = Debug|Any CPU
		{17C8D237-F17B-4EC1-B1E4-66BDAC7733DE}.Release|Any CPU.ActiveCfg = Release|Any CPU
		{17C8D237-F17B-4EC1-B1E4-66BDAC7733DE}.Release|Any CPU.Build.0 = Release|Any CPU
		{05C3D3AF-F2C2-45E9-975F-616CCD0A591D}.Debug|Any CPU.ActiveCfg = Debug|Any CPU
		{05C3D3AF-F2C2-45E9-975F-616CCD0A591D}.Debug|Any CPU.Build.0 = Debug|Any CPU
		{05C3D3AF-F2C2-45E9-975F-616CCD0A591D}.Release|Any CPU.ActiveCfg = Release|Any CPU
		{05C3D3AF-F2C2-45E9-975F-616CCD0A591D}.Release|Any CPU.Build.0 = Release|Any CPU
	EndGlobalSection
	GlobalSection(SolutionProperties) = preSolution
		HideSolutionNode = FALSE
	EndGlobalSection
	GlobalSection(ExtensibilityGlobals) = postSolution
		SolutionGuid = {8B680657-AA4D-4203-AF1D-4DF57089FBFA}
	EndGlobalSection
EndGlobal
